
Microsoft Visual Studio Solution File, Format Version 12.00
# Visual Studio Version 16
VisualStudioVersion = 16.0.29709.97
MinimumVisualStudioVersion = 10.0.40219.1
Project("{FAE04EC0-301F-11D3-BF4B-00C04F79EFBC}") = "Inheritance", "Inheritance.csproj", "{801C676B-0FFC-445C-8BEC-ACED2AD89B25}"
EndProject
Global
	GlobalSection(SolutionConfigurationPlatforms) = preSolution
		Debug|Any CPU = Debug|Any CPU
		Release|Any CPU = Release|Any CPU
	EndGlobalSection
	GlobalSection(ProjectConfigurationPlatforms) = postSolution
		{801C676B-0FFC-445C-8BEC-ACED2AD89B25}.Debug|Any CPU.ActiveCfg = Debug|Any CPU
		{801C676B-0FFC-445C-8BEC-ACED2AD89B25}.Debug|Any CPU.Build.0 = Debug|Any CPU
		{801C676B-0FFC-445C-8BEC-ACED2AD89B25}.Release|Any CPU.ActiveCfg = Release|Any CPU
		{801C676B-0FFC-445C-8BEC-ACED2AD89B25}.Release|Any CPU.Build.0 = Release|Any CPU
	EndGlobalSection
	GlobalSection(SolutionProperties) = preSolution
		HideSolutionNode = FALSE
	EndGlobalSection
	GlobalSection(ExtensibilityGlobals) = postSolution
		SolutionGuid = {718504DE-DF72-4F86-B91D-6DFCC5D3EE28}
	EndGlobalSection
EndGlobal
